{
  "version": 4,
  "terraform_version": "1.14.5",
  "serial": 3,
  "lineage": "0d270535-92f2-6d0c-8c6c-e72483e2540f",
  "outputs": {},
  "resources": [
    {
      "mode": "managed",
      "type": "azurerm_resource_group",
      "name": "rg1",
      "provider": "provider[\"registry.terraform.io/hashicorp/azurerm\"]",
      "instances": [
        {
          "index_key": "rg1",
          "schema_version": 0,
          "attributes": {
            "id": "/subscriptions/8c034ec7-efde-401c-8207-872a04ac8fed/resourceGroups/satyendra_rg_1",
            "location": "eastus",
            "managed_by": "",
            "name": "satyendra_rg_1",
            "tags": null,
            "timeouts": null
          },
          "sensitive_attributes": [],
          "identity_schema_version": 0,
          "identity": {
            "name": "satyendra_rg_1",
            "subscription_id": "8c034ec7-efde-401c-8207-872a04ac8fed"
          },
          "private": "eyJlMmJmYjczMC1lY2FhLTExZTYtOGY4OC0zNDM2M2JjN2M0YzAiOnsiY3JlYXRlIjo1NDAwMDAwMDAwMDAwLCJkZWxldGUiOjU0MDAwMDAwMDAwMDAsInJlYWQiOjMwMDAwMDAwMDAwMCwidXBkYXRlIjo1NDAwMDAwMDAwMDAwfX0="
        },
        {
          "index_key": "rg2",
          "schema_version": 0,
          "attributes": {
            "id": "/subscriptions/8c034ec7-efde-401c-8207-872a04ac8fed/resourceGroups/satyendra_rg_2",
            "location": "westus",
            "managed_by": "",
            "name": "satyendra_rg_2",
            "tags": null,
            "timeouts": null
          },
          "sensitive_attributes": [],
          "identity_schema_version": 0,
          "identity": {
            "name": "satyendra_rg_2",
            "subscription_id": "8c034ec7-efde-401c-8207-872a04ac8fed"
          },
          "private": "eyJlMmJmYjczMC1lY2FhLTExZTYtOGY4OC0zNDM2M2JjN2M0YzAiOnsiY3JlYXRlIjo1NDAwMDAwMDAwMDAwLCJkZWxldGUiOjU0MDAwMDAwMDAwMDAsInJlYWQiOjMwMDAwMDAwMDAwMCwidXBkYXRlIjo1NDAwMDAwMDAwMDAwfX0="
        }
      ]
    }
  ],
  "check_results": null
}
